
Microsoft Visual Studio Solution File, Format Version 12.00
# Visual Studio Version 17
VisualStudioVersion = 17.2.32616.157
MinimumVisualStudioVersion = 10.0.40219.1
Project("{8BC9CEB8-8B4A-11D0-8D11-00A0C91BC942}") = "ACDCBoostCourse", "ACDCBoostCourse\ACDCBoostCourse.vcxproj", "{7D13F3BC-A1F7-4C00-9B85-B570CF5CC80A}"
EndProject
Global
	GlobalSection(SolutionConfigurationPlatforms) = preSolution
		Debug|x64 = Debug|x64
		Debug|x86 = Debug|x86
		Release|x64 = Release|x64
		Release|x86 = Release|x86
	EndGlobalSection
	GlobalSection(ProjectConfigurationPlatforms) = postSolution
		{7D13F3BC-A1F7-4C00-9B85-B570CF5CC80A}.Debug|x64.ActiveCfg = Debug|x64
		{7D13F3BC-A1F7-4C00-9B85-B570CF5CC80A}.Debug|x64.Build.0 = Debug|x64
		{7D13F3BC-A1F7-4C00-9B85-B570CF5CC80A}.Debug|x86.ActiveCfg = Debug|Win32
		{7D13F3BC-A1F7-4C00-9B85-B570CF5CC80A}.Debug|x86.Build.0 = Debug|Win32
		{7D13F3BC-A1F7-4C00-9B85-B570CF5CC80A}.Release|x64.ActiveCfg = Release|x64
		{7D13F3BC-A1F7-4C00-9B85-B570CF5CC80A}.Release|x64.Build.0 = Release|x64
		{7D13F3BC-A1F7-4C00-9B85-B570CF5CC80A}.Release|x86.ActiveCfg = Release|Win32
		{7D13F3BC-A1F7-4C00-9B85-B570CF5CC80A}.Release|x86.Build.0 = Release|Win32
	EndGlobalSection
	GlobalSection(SolutionProperties) = preSolution
		HideSolutionNode = FALSE
	EndGlobalSection
	GlobalSection(ExtensibilityGlobals) = postSolution
		SolutionGuid = {5B937D2F-614D-403D-AB8C-3615F7BA987A}
	EndGlobalSection
EndGlobal
